// !$*UTF8*$!
{
	archiveVersion = 1;
	classes = {
	};
	objectVersion = 56;
	objects = {

/* Begin PBXBuildFile section */
		C0F23D0A2BCD1206000557D4 /* AppDelegate.swift in Sources */ = {isa = PBXBuildFile; fileRef = C0F23D092BCD1206000557D4 /* AppDelegate.swift */; };
		C0F23D0C2BCD1206000557D4 /* SceneDelegate.swift in Sources */ = {isa = PBXBuildFile; fileRef = C0F23D0B2BCD1206000557D4 /* SceneDelegate.swift */; };
		C0F23D0E2BCD1206000557D4 /* ViewController.swift in Sources */ = {isa = PBXBuildFile; fileRef = C0F23D0D2BCD1206000557D4 /* ViewController.swift */; };
		C0F23D112BCD1206000557D4 /* Base in Resources */ = {isa = PBXBuildFile; fileRef = C0F23D102BCD1206000557D4 /* Base */; };
		C0F23D132BCD1208000557D4 /* Assets.xcassets in Resources */ = {isa = PBXBuildFile; fileRef = C0F23D122BCD1208000557D4 /* Assets.xcassets */; };
		C0F23D162BCD1208000557D4 /* Base in Resources */ = {isa = PBXBuildFile; fileRef = C0F23D152BCD1208000557D4 /* Base */; };
		C0F23D212BCD1208000557D4 /* MyPTProTests.swift in Sources */ = {isa = PBXBuildFile; fileRef = C0F23D202BCD1208000557D4 /* MyPTProTests.swift */; };
		C0F23D2B2BCD1208000557D4 /* MyPTProUITests.swift in Sources */ = {isa = PBXBuildFile; fileRef = C0F23D2A2BCD1208000557D4 /* MyPTProUITests.swift */; };
		C0F23D2D2BCD1208000557D4 /* MyPTProUITestsLaunchTests.swift in Sources */ = {isa = PBXBuildFile; fileRef = C0F23D2C2BCD1208000557D4 /* MyPTProUITestsLaunchTests.swift */; };
/* End PBXBuildFile section */

/* Begin PBXContainerItemProxy section */
		C0F23D1D2BCD1208000557D4 /* PBXContainerItemProxy */ = {
			isa = PBXContainerItemProxy;
			containerPortal = C0F23CFE2BCD1205000557D4 /* Project object */;
			proxyType = 1;
			remoteGlobalIDString = C0F23D052BCD1205000557D4;
			remoteInfo = MyPTPro;
		};
		C0F23D272BCD1208000557D4 /* PBXContainerItemProxy */ = {
			isa = PBXContainerItemProxy;
			containerPortal = C0F23CFE2BCD1205000557D4 /* Project object */;
			proxyType = 1;
			remoteGlobalIDString = C0F23D052BCD1205000557D4;
			remoteInfo = MyPTPro;
		};
/* End PBXContainerItemProxy section */

/* Begin PBXFileReference section */
		C0F23D062BCD1205000557D4 /* MyPTPro.app */ = {isa = PBXFileReference; explicitFileType = wrapper.application; includeInIndex = 0; path = MyPTPro.app; sourceTree = BUILT_PRODUCTS_DIR; };
		C0F23D092BCD1206000557D4 /* AppDelegate.swift */ = {isa = PBXFileReference; lastKnownFileType = sourcecode.swift; path = AppDelegate.swift; sourceTree = "<group>"; };
		C0F23D0B2BCD1206000557D4 /* SceneDelegate.swift */ = {isa = PBXFileReference; lastKnownFileType = sourcecode.swift; path = SceneDelegate.swift; sourceTree = "<group>"; };
		C0F23D0D2BCD1206000557D4 /* ViewController.swift */ = {isa = PBXFileReference; lastKnownFileType = sourcecode.swift; path = ViewController.swift; sourceTree = "<group>"; };
		C0F23D102BCD1206000557D4 /* Base */ = {isa = PBXFileReference; lastKnownFileType = file.storyboard; name = Base; path = Base.lproj/Main.storyboard; sourceTree = "<group>"; };
		C0F23D122BCD1208000557D4 /* Assets.xcassets */ = {isa = PBXFileReference; lastKnownFileType = folder.assetcatalog; path = Assets.xcassets; sourceTree = "<group>"; };
		C0F23D152BCD1208000557D4 /* Base */ = {isa = PBXFileReference; lastKnownFileType = file.storyboard; name = Base; path = Base.lproj/LaunchScreen.storyboard; sourceTree = "<group>"; };
		C0F23D172BCD1208000557D4 /* Info.plist */ = {isa = PBXFileReference; lastKnownFileType = text.plist.xml; path = Info.plist; sourceTree = "<group>"; };
		C0F23D1C2BCD1208000557D4 /* MyPTProTests.xctest */ = {isa = PBXFileReference; explicitFileType = wrapper.cfbundle; includeInIndex = 0; path = MyPTProTests.xctest; sourceTree = BUILT_PRODUCTS_DIR; };
		C0F23D202BCD1208000557D4 /* MyPTProTests.swift */ = {isa = PBXFileReference; lastKnownFileType = sourcecode.swift; path = MyPTProTests.swift; sourceTree = "<group>"; };
		C0F23D262BCD1208000557D4 /* MyPTProUITests.xctest */ = {isa = PBXFileReference; explicitFileType = wrapper.cfbundle; includeInIndex = 0; path = MyPTProUITests.xctest; sourceTree = BUILT_PRODUCTS_DIR; };
		C0F23D2A2BCD1208000557D4 /* MyPTProUITests.swift */ = {isa = PBXFileReference; lastKnownFileType = sourcecode.swift; path = MyPTProUITests.swift; sourceTree = "<group>"; };
		C0F23D2C2BCD1208000557D4 /* MyPTProUITestsLaunchTests.swift */ = {isa = PBXFileReference; lastKnownFileType = sourcecode.swift; path = MyPTProUITestsLaunchTests.swift; sourceTree = "<group>"; };
/* End PBXFileReference section */

/* Begin PBXFrameworksBuildPhase section */
		C0F23D032BCD1205000557D4 /* Frameworks */ = {
			isa = PBXFrameworksBuildPhase;
			buildActionMask = 2147483647;
			files = (
			);
			runOnlyForDeploymentPostprocessing = 0;
		};
		C0F23D192BCD1208000557D4 /* Frameworks */ = {
			isa = PBXFrameworksBuildPhase;
			buildActionMask = 2147483647;
			files = (
			);
			runOnlyForDeploymentPostprocessing = 0;
		};
		C0F23D232BCD1208000557D4 /* Frameworks */ = {
			isa = PBXFrameworksBuildPhase;
			buildActionMask = 2147483647;
			files = (
			);
			runOnlyForDeploymentPostprocessing = 0;
		};
/* End PBXFrameworksBuildPhase section */

/* Begin PBXGroup section */
		C0F23CFD2BCD1205000557D4 = {
			isa = PBXGroup;
			children = (
				C0F23D082BCD1205000557D4 /* MyPTPro */,
				C0F23D1F2BCD1208000557D4 /* MyPTProTests */,
				C0F23D292BCD1208000557D4 /* MyPTProUITests */,
				C0F23D072BCD1205000557D4 /* Products */,
			);
			sourceTree = "<group>";
		};
		C0F23D072BCD1205000557D4 /* Products */ = {
			isa = PBXGroup;
			children = (
				C0F23D062BCD1205000557D4 /* MyPTPro.app */,
				C0F23D1C2BCD1208000557D4 /* MyPTProTests.xctest */,
				C0F23D262BCD1208000557D4 /* MyPTProUITests.xctest */,
			);
			name = Products;
			sourceTree = "<group>";
		};
		C0F23D082BCD1205000557D4 /* MyPTPro */ = {
			isa = PBXGroup;
			children = (
				C0F23D092BCD1206000557D4 /* AppDelegate.swift */,
				C0F23D0B2BCD1206000557D4 /* SceneDelegate.swift */,
				C0F23D0D2BCD1206000557D4 /* ViewController.swift */,
				C0F23D0F2BCD1206000557D4 /* Main.storyboard */,
				C0F23D122BCD1208000557D4 /* Assets.xcassets */,
				C0F23D142BCD1208000557D4 /* LaunchScreen.storyboard */,
				C0F23D172BCD1208000557D4 /* Info.plist */,
			);
			path = MyPTPro;
			sourceTree = "<group>";
		};
		C0F23D1F2BCD1208000557D4 /* MyPTProTests */ = {
			isa = PBXGroup;
			children = (
				C0F23D202BCD1208000557D4 /* MyPTProTests.swift */,
			);
			path = MyPTProTests;
			sourceTree = "<group>";
		};
		C0F23D292BCD1208000557D4 /* MyPTProUITests */ = {
			isa = PBXGroup;
			children = (
				C0F23D2A2BCD1208000557D4 /* MyPTProUITests.swift */,
				C0F23D2C2BCD1208000557D4 /* MyPTProUITestsLaunchTests.swift */,
			);
			path = MyPTProUITests;
			sourceTree = "<group>";
		};
/* End PBXGroup section */

/* Begin PBXNativeTarget section */
		C0F23D052BCD1205000557D4 /* MyPTPro */ = {
			isa = PBXNativeTarget;
			buildConfigurationList = C0F23D302BCD1208000557D4 /* Build configuration list for PBXNativeTarget "MyPTPro" */;
			buildPhases = (
				C0F23D022BCD1205000557D4 /* Sources */,
				C0F23D032BCD1205000557D4 /* Frameworks */,
				C0F23D042BCD1205000557D4 /* Resources */,
			);
			buildRules = (
			);
			dependencies = (
			);
			name = MyPTPro;
			productName = MyPTPro;
			productReference = C0F23D062BCD1205000557D4 /* MyPTPro.app */;
			productType = "com.apple.product-type.application";
		};
		C0F23D1B2BCD1208000557D4 /* MyPTProTests */ = {
			isa = PBXNativeTarget;
			buildConfigurationList = C0F23D332BCD1208000557D4 /* Build configuration list for PBXNativeTarget "MyPTProTests" */;
			buildPhases = (
				C0F23D182BCD1208000557D4 /* Sources */,
				C0F23D192BCD1208000557D4 /* Frameworks */,
				C0F23D1A2BCD1208000557D4 /* Resources */,
			);
			buildRules = (
			);
			dependencies = (
				C0F23D1E2BCD1208000557D4 /* PBXTargetDependency */,
			);
			name = MyPTProTests;
			productName = MyPTProTests;
			productReference = C0F23D1C2BCD1208000557D4 /* MyPTProTests.xctest */;
			productType = "com.apple.product-type.bundle.unit-test";
		};
		C0F23D252BCD1208000557D4 /* MyPTProUITests */ = {
			isa = PBXNativeTarget;
			buildConfigurationList = C0F23D362BCD1208000557D4 /* Build configuration list for PBXNativeTarget "MyPTProUITests" */;
			buildPhases = (
				C0F23D222BCD1208000557D4 /* Sources */,
				C0F23D232BCD1208000557D4 /* Frameworks */,
				C0F23D242BCD1208000557D4 /* Resources */,
			);
			buildRules = (
			);
			dependencies = (
				C0F23D282BCD1208000557D4 /* PBXTargetDependency */,
			);
			name = MyPTProUITests;
			productName = MyPTProUITests;
			productReference = C0F23D262BCD1208000557D4 /* MyPTProUITests.xctest */;
			productType = "com.apple.product-type.bundle.ui-testing";
		};
/* End PBXNativeTarget section */

/* Begin PBXProject section */
		C0F23CFE2BCD1205000557D4 /* Project object */ = {
			isa = PBXProject;
			attributes = {
				BuildIndependentTargetsInParallel = 1;
				LastSwiftUpdateCheck = 1530;
				LastUpgradeCheck = 1530;
				TargetAttributes = {
					C0F23D052BCD1205000557D4 = {
						CreatedOnToolsVersion = 15.3;
					};
					C0F23D1B2BCD1208000557D4 = {
						CreatedOnToolsVersion = 15.3;
						TestTargetID = C0F23D052BCD1205000557D4;
					};
					C0F23D252BCD1208000557D4 = {
						CreatedOnToolsVersion = 15.3;
						TestTargetID = C0F23D052BCD1205000557D4;
					};
				};
			};
			buildConfigurationList = C0F23D012BCD1205000557D4 /* Build configuration list for PBXProject "MyPTPro" */;
			compatibilityVersion = "Xcode 14.0";
			developmentRegion = en;
			hasScannedForEncodings = 0;
			knownRegions = (
				en,
				Base,
			);
			mainGroup = C0F23CFD2BCD1205000557D4;
			productRefGroup = C0F23D072BCD1205000557D4 /* Products */;
			projectDirPath = "";
			projectRoot = "";
			targets = (
				C0F23D052BCD1205000557D4 /* MyPTPro */,
				C0F23D1B2BCD1208000557D4 /* MyPTProTests */,
				C0F23D252BCD1208000557D4 /* MyPTProUITests */,
			);
		};
/* End PBXProject section */

/* Begin PBXResourcesBuildPhase section */
		C0F23D042BCD1205000557D4 /* Resources */ = {
			isa = PBXResourcesBuildPhase;
			buildActionMask = 2147483647;
			files = (
				C0F23D132BCD1208000557D4 /* Assets.xcassets in Resources */,
				C0F23D162BCD1208000557D4 /* Base in Resources */,
				C0F23D112BCD1206000557D4 /* Base in Resources */,
			);
			runOnlyForDeploymentPostprocessing = 0;
		};
		C0F23D1A2BCD1208000557D4 /* Resources */ = {
			isa = PBXResourcesBuildPhase;
			buildActionMask = 2147483647;
			files = (
			);
			runOnlyForDeploymentPostprocessing = 0;
		};
		C0F23D242BCD1208000557D4 /* Resources */ = {
			isa = PBXResourcesBuildPhase;
			buildActionMask = 2147483647;
			files = (
			);
			runOnlyForDeploymentPostprocessing = 0;
		};
/* End PBXResourcesBuildPhase section */

/* Begin PBXSourcesBuildPhase section */
		C0F23D022BCD1205000557D4 /* Sources */ = {
			isa = PBXSourcesBuildPhase;
			buildActionMask = 2147483647;
			files = (
				C0F23D0E2BCD1206000557D4 /* ViewController.swift in Sources */,
				C0F23D0A2BCD1206000557D4 /* AppDelegate.swift in Sources */,
				C0F23D0C2BCD1206000557D4 /* SceneDelegate.swift in Sources */,
			);
			runOnlyForDeploymentPostprocessing = 0;
		};
		C0F23D182BCD1208000557D4 /* Sources */ = {
			isa = PBXSourcesBuildPhase;
			buildActionMask = 2147483647;
			files = (
				C0F23D212BCD1208000557D4 /* MyPTProTests.swift in Sources */,
			);
			runOnlyForDeploymentPostprocessing = 0;
		};
		C0F23D222BCD1208000557D4 /* Sources */ = {
			isa = PBXSourcesBuildPhase;
			buildActionMask = 2147483647;
			files = (
				C0F23D2D2BCD1208000557D4 /* MyPTProUITestsLaunchTests.swift in Sources */,
				C0F23D2B2BCD1208000557D4 /* MyPTProUITests.swift in Sources */,
			);
			runOnlyForDeploymentPostprocessing = 0;
		};
/* End PBXSourcesBuildPhase section */

/* Begin PBXTargetDependency section */
		C0F23D1E2BCD1208000557D4 /* PBXTargetDependency */ = {
			isa = PBXTargetDependency;
			target = C0F23D052BCD1205000557D4 /* MyPTPro */;
			targetProxy = C0F23D1D2BCD1208000557D4 /* PBXContainerItemProxy */;
		};
		C0F23D282BCD1208000557D4 /* PBXTargetDependency */ = {
			isa = PBXTargetDependency;
			target = C0F23D052BCD1205000557D4 /* MyPTPro */;
			targetProxy = C0F23D272BCD1208000557D4 /* PBXContainerItemProxy */;
		};
/* End PBXTargetDependency section */

/* Begin PBXVariantGroup section */
		C0F23D0F2BCD1206000557D4 /* Main.storyboard */ = {
			isa = PBXVariantGroup;
			children = (
				C0F23D102BCD1206000557D4 /* Base */,
			);
			name = Main.storyboard;
			sourceTree = "<group>";
		};
		C0F23D142BCD1208000557D4 /* LaunchScreen.storyboard */ = {
			isa = PBXVariantGroup;
			children = (
				C0F23D152BCD1208000557D4 /* Base */,
			);
			name = LaunchScreen.storyboard;
			sourceTree = "<group>";
		};
/* End PBXVariantGroup section */

/* Begin XCBuildConfiguration section */
		C0F23D2E2BCD1208000557D4 /* Debug */ = {
			isa = XCBuildConfiguration;
			buildSettings = {
				ALWAYS_SEARCH_USER_PATHS = NO;
				ASSETCATALOG_COMPILER_GENERATE_SWIFT_ASSET_SYMBOL_EXTENSIONS = YES;
				CLANG_ANALYZER_NONNULL = YES;
				CLANG_ANALYZER_NUMBER_OBJECT_CONVERSION = YES_AGGRESSIVE;
				CLANG_CXX_LANGUAGE_STANDARD = "gnu++20";
				CLANG_ENABLE_MODULES = YES;
				CLANG_ENABLE_OBJC_ARC = YES;
				CLANG_ENABLE_OBJC_WEAK = YES;
				CLANG_WARN_BLOCK_CAPTURE_AUTORELEASING = YES;
				CLANG_WARN_BOOL_CONVERSION = YES;
				CLANG_WARN_COMMA = YES;
				CLANG_WARN_CONSTANT_CONVERSION = YES;
				CLANG_WARN_DEPRECATED_OBJC_IMPLEMENTATIONS = YES;
				CLANG_WARN_DIRECT_OBJC_ISA_USAGE = YES_ERROR;
				CLANG_WARN_DOCUMENTATION_COMMENTS = YES;
				CLANG_WARN_EMPTY_BODY = YES;
				CLANG_WARN_ENUM_CONVERSION = YES;
				CLANG_WARN_INFINITE_RECURSION = YES;
				CLANG_WARN_INT_CONVERSION = YES;
				CLANG_WARN_NON_LITERAL_NULL_CONVERSION = YES;
				CLANG_WARN_OBJC_IMPLICIT_RETAIN_SELF = YES;
				CLANG_WARN_OBJC_LITERAL_CONVERSION = YES;
				CLANG_WARN_OBJC_ROOT_CLASS = YES_ERROR;
				CLANG_WARN_QUOTED_INCLUDE_IN_FRAMEWORK_HEADER = YES;
				CLANG_WARN_RANGE_LOOP_ANALYSIS = YES;
				CLANG_WARN_STRICT_PROTOTYPES = YES;
				CLANG_WARN_SUSPICIOUS_MOVE = YES;
				CLANG_WARN_UNGUARDED_AVAILABILITY = YES_AGGRESSIVE;
				CLANG_WARN_UNREACHABLE_CODE = YES;
				CLANG_WARN__DUPLICATE_METHOD_MATCH = YES;
				COPY_PHASE_STRIP = NO;
				DEBUG_INFORMATION_FORMAT = dwarf;
				ENABLE_STRICT_OBJC_MSGSEND = YES;
				ENABLE_TESTABILITY = YES;
				ENABLE_USER_SCRIPT_SANDBOXING = YES;
				GCC_C_LANGUAGE_STANDARD = gnu17;
				GCC_DYNAMIC_NO_PIC = NO;
				GCC_NO_COMMON_BLOCKS = YES;
				GCC_OPTIMIZATION_LEVEL = 0;
				GCC_PREPROCESSOR_DEFINITIONS = (
					"DEBUG=1",
					"$(inherited)",
				);
				GCC_WARN_64_TO_32_BIT_CONVERSION = YES;
				GCC_WARN_ABOUT_RETURN_TYPE = YES_ERROR;
				GCC_WARN_UNDECLARED_SELECTOR = YES;
				GCC_WARN_UNINITIALIZED_AUTOS = YES_AGGRESSIVE;
				GCC_WARN_UNUSED_FUNCTION = YES;
				GCC_WARN_UNUSED_VARIABLE = YES;
				IPHONEOS_DEPLOYMENT_TARGET = 17.4;
				LOCALIZATION_PREFERS_STRING_CATALOGS = YES;
				MTL_ENABLE_DEBUG_INFO = INCLUDE_SOURCE;
				MTL_FAST_MATH = YES;
				ONLY_ACTIVE_ARCH = YES;
				SDKROOT = iphoneos;
				SWIFT_ACTIVE_COMPILATION_CONDITIONS = "DEBUG $(inherited)";
				SWIFT_OPTIMIZATION_LEVEL = "-Onone";
			};
			name = Debug;
		};
		C0F23D2F2BCD1208000557D4 /* Release */ = {
			isa = XCBuildConfiguration;
			buildSettings = {
				ALWAYS_SEARCH_USER_PATHS = NO;
				ASSETCATALOG_COMPILER_GENERATE_SWIFT_ASSET_SYMBOL_EXTENSIONS = YES;
				CLANG_ANALYZER_NONNULL = YES;
				CLANG_ANALYZER_NUMBER_OBJECT_CONVERSION = YES_AGGRESSIVE;
				CLANG_CXX_LANGUAGE_STANDARD = "gnu++20";
				CLANG_ENABLE_MODULES = YES;
				CLANG_ENABLE_OBJC_ARC = YES;
				CLANG_ENABLE_OBJC_WEAK = YES;
				CLANG_WARN_BLOCK_CAPTURE_AUTORELEASING = YES;
				CLANG_WARN_BOOL_CONVERSION = YES;
				CLANG_WARN_COMMA = YES;
				CLANG_WARN_CONSTANT_CONVERSION = YES;
				CLANG_WARN_DEPRECATED_OBJC_IMPLEMENTATIONS = YES;
				CLANG_WARN_DIRECT_OBJC_ISA_USAGE = YES_ERROR;
				CLANG_WARN_DOCUMENTATION_COMMENTS = YES;
				CLANG_WARN_EMPTY_BODY = YES;
				CLANG_WARN_ENUM_CONVERSION = YES;
				CLANG_WARN_INFINITE_RECURSION = YES;
				CLANG_WARN_INT_CONVERSION = YES;
				CLANG_WARN_NON_LITERAL_NULL_CONVERSION = YES;
				CLANG_WARN_OBJC_IMPLICIT_RETAIN_SELF = YES;
				CLANG_WARN_OBJC_LITERAL_CONVERSION = YES;
				CLANG_WARN_OBJC_ROOT_CLASS = YES_ERROR;
				CLANG_WARN_QUOTED_INCLUDE_IN_FRAMEWORK_HEADER = YES;
				CLANG_WARN_RANGE_LOOP_ANALYSIS = YES;
				CLANG_WARN_STRICT_PROTOTYPES = YES;
				CLANG_WARN_SUSPICIOUS_MOVE = YES;
				CLANG_WARN_UNGUARDED_AVAILABILITY = YES_AGGRESSIVE;
				CLANG_WARN_UNREACHABLE_CODE = YES;
				CLANG_WARN__DUPLICATE_METHOD_MATCH = YES;
				COPY_PHASE_STRIP = NO;
				DEBUG_INFORMATION_FORMAT = "dwarf-with-dsym";
				ENABLE_NS_ASSERTIONS = NO;
				ENABLE_STRICT_OBJC_MSGSEND = YES;
				ENABLE_USER_SCRIPT_SANDBOXING = YES;
				GCC_C_LANGUAGE_STANDARD = gnu17;
				GCC_NO_COMMON_BLOCKS = YES;
				GCC_WARN_64_TO_32_BIT_CONVERSION = YES;
				GCC_WARN_ABOUT_RETURN_TYPE = YES_ERROR;
				GCC_WARN_UNDECLARED_SELECTOR = YES;
				GCC_WARN_UNINITIALIZED_AUTOS = YES_AGGRESSIVE;
				GCC_WARN_UNUSED_FUNCTION = YES;
				GCC_WARN_UNUSED_VARIABLE = YES;
				IPHONEOS_DEPLOYMENT_TARGET = 17.4;
				LOCALIZATION_PREFERS_STRING_CATALOGS = YES;
				MTL_ENABLE_DEBUG_INFO = NO;
				MTL_FAST_MATH = YES;
				SDKROOT = iphoneos;
				SWIFT_COMPILATION_MODE = wholemodule;
				VALIDATE_PRODUCT = YES;
			};
			name = Release;
		};
		C0F23D312BCD1208000557D4 /* Debug */ = {
			isa = XCBuildConfiguration;
			buildSettings = {
				ASSETCATALOG_COMPILER_APPICON_NAME = AppIcon;
				ASSETCATALOG_COMPILER_GLOBAL_ACCENT_COLOR_NAME = AccentColor;
				CODE_SIGN_STYLE = Automatic;
				CURRENT_PROJECT_VERSION = 1;
				DEVELOPMENT_TEAM = QVHLZXD559;
				GENERATE_INFOPLIST_FILE = YES;
				INFOPLIST_FILE = MyPTPro/Info.plist;
				INFOPLIST_KEY_UIApplicationSupportsIndirectInputEvents = YES;
				INFOPLIST_KEY_UILaunchStoryboardName = LaunchScreen;
				INFOPLIST_KEY_UIMainStoryboardFile = Main;
				INFOPLIST_KEY_UISupportedInterfaceOrientations_iPad = "UIInterfaceOrientationPortrait UIInterfaceOrientationPortraitUpsideDown UIInterfaceOrientationLandscapeLeft UIInterfaceOrientationLandscapeRight";
				INFOPLIST_KEY_UISupportedInterfaceOrientations_iPhone = "UIInterfaceOrientationPortrait UIInterfaceOrientationLandscapeLeft UIInterfaceOrientationLandscapeRight";
				LD_RUNPATH_SEARCH_PATHS = (
					"$(inherited)",
					"@executable_path/Frameworks",
				);
				MARKETING_VERSION = 1.0;
				PRODUCT_BUNDLE_IDENTIFIER = MyPTPro.co.uk.MyPTPro;
				PRODUCT_NAME = "$(TARGET_NAME)";
				SWIFT_EMIT_LOC_STRINGS = YES;
				SWIFT_VERSION = 5.0;
				TARGETED_DEVICE_FAMILY = "1,2";
			};
			name = Debug;
		};
		C0F23D322BCD1208000557D4 /* Release */ = {
			isa = XCBuildConfiguration;
			buildSettings = {
				ASSETCATALOG_COMPILER_APPICON_NAME = AppIcon;
				ASSETCATALOG_COMPILER_GLOBAL_ACCENT_COLOR_NAME = AccentColor;
				CODE_SIGN_STYLE = Automatic;
				CURRENT_PROJECT_VERSION = 1;
				DEVELOPMENT_TEAM = QVHLZXD559;
				GENERATE_INFOPLIST_FILE = YES;
				INFOPLIST_FILE = MyPTPro/Info.plist;
				INFOPLIST_KEY_UIApplicationSupportsIndirectInputEvents = YES;
				INFOPLIST_KEY_UILaunchStoryboardName = LaunchScreen;
				INFOPLIST_KEY_UIMainStoryboardFile = Main;
				INFOPLIST_KEY_UISupportedInterfaceOrientations_iPad = "UIInterfaceOrientationPortrait UIInterfaceOrientationPortraitUpsideDown UIInterfaceOrientationLandscapeLeft UIInterfaceOrientationLandscapeRight";
				INFOPLIST_KEY_UISupportedInterfaceOrientations_iPhone = "UIInterfaceOrientationPortrait UIInterfaceOrientationLandscapeLeft UIInterfaceOrientationLandscapeRight";
				LD_RUNPATH_SEARCH_PATHS = (
					"$(inherited)",
					"@executable_path/Frameworks",
				);
				MARKETING_VERSION = 1.0;
				PRODUCT_BUNDLE_IDENTIFIER = MyPTPro.co.uk.MyPTPro;
				PRODUCT_NAME = "$(TARGET_NAME)";
				SWIFT_EMIT_LOC_STRINGS = YES;
				SWIFT_VERSION = 5.0;
				TARGETED_DEVICE_FAMILY = "1,2";
			};
			name = Release;
		};
		C0F23D342BCD1208000557D4 /* Debug */ = {
			isa = XCBuildConfiguration;
			buildSettings = {
				ALWAYS_EMBED_SWIFT_STANDARD_LIBRARIES = YES;
				BUNDLE_LOADER = "$(TEST_HOST)";
				CODE_SIGN_STYLE = Automatic;
				CURRENT_PROJECT_VERSION = 1;
				DEVELOPMENT_TEAM = QVHLZXD559;
				GENERATE_INFOPLIST_FILE = YES;
				IPHONEOS_DEPLOYMENT_TARGET = 17.4;
				MARKETING_VERSION = 1.0;
				PRODUCT_BUNDLE_IDENTIFIER = MyPTPro.co.uk.MyPTProTests;
				PRODUCT_NAME = "$(TARGET_NAME)";
				SWIFT_EMIT_LOC_STRINGS = NO;
				SWIFT_VERSION = 5.0;
				TARGETED_DEVICE_FAMILY = "1,2";
				TEST_HOST = "$(BUILT_PRODUCTS_DIR)/MyPTPro.app/$(BUNDLE_EXECUTABLE_FOLDER_PATH)/MyPTPro";
			};
			name = Debug;
		};
		C0F23D352BCD1208000557D4 /* Release */ = {
			isa = XCBuildConfiguration;
			buildSettings = {
				ALWAYS_EMBED_SWIFT_STANDARD_LIBRARIES = YES;
				BUNDLE_LOADER = "$(TEST_HOST)";
				CODE_SIGN_STYLE = Automatic;
				CURRENT_PROJECT_VERSION = 1;
				DEVELOPMENT_TEAM = QVHLZXD559;
				GENERATE_INFOPLIST_FILE = YES;
				IPHONEOS_DEPLOYMENT_TARGET = 17.4;
				MARKETING_VERSION = 1.0;
				PRODUCT_BUNDLE_IDENTIFIER = MyPTPro.co.uk.MyPTProTests;
				PRODUCT_NAME = "$(TARGET_NAME)";
				SWIFT_EMIT_LOC_STRINGS = NO;
				SWIFT_VERSION = 5.0;
				TARGETED_DEVICE_FAMILY = "1,2";
				TEST_HOST = "$(BUILT_PRODUCTS_DIR)/MyPTPro.app/$(BUNDLE_EXECUTABLE_FOLDER_PATH)/MyPTPro";
			};
			name = Release;
		};
		C0F23D372BCD1208000557D4 /* Debug */ = {
			isa = XCBuildConfiguration;
			buildSettings = {
				ALWAYS_EMBED_SWIFT_STANDARD_LIBRARIES = YES;
				CODE_SIGN_STYLE = Automatic;
				CURRENT_PROJECT_VERSION = 1;
				DEVELOPMENT_TEAM = QVHLZXD559;
				GENERATE_INFOPLIST_FILE = YES;
				MARKETING_VERSION = 1.0;
				PRODUCT_BUNDLE_IDENTIFIER = MyPTPro.co.uk.MyPTProUITests;
				PRODUCT_NAME = "$(TARGET_NAME)";
				SWIFT_EMIT_LOC_STRINGS = NO;
				SWIFT_VERSION = 5.0;
				TARGETED_DEVICE_FAMILY = "1,2";
				TEST_TARGET_NAME = MyPTPro;
			};
			name = Debug;
		};
		C0F23D382BCD1208000557D4 /* Release */ = {
			isa = XCBuildConfiguration;
			buildSettings = {
				ALWAYS_EMBED_SWIFT_STANDARD_LIBRARIES = YES;
				CODE_SIGN_STYLE = Automatic;
				CURRENT_PROJECT_VERSION = 1;
				DEVELOPMENT_TEAM = QVHLZXD559;
				GENERATE_INFOPLIST_FILE = YES;
				MARKETING_VERSION = 1.0;
				PRODUCT_BUNDLE_IDENTIFIER = MyPTPro.co.uk.MyPTProUITests;
				PRODUCT_NAME = "$(TARGET_NAME)";
				SWIFT_EMIT_LOC_STRINGS = NO;
				SWIFT_VERSION = 5.0;
				TARGETED_DEVICE_FAMILY = "1,2";
				TEST_TARGET_NAME = MyPTPro;
			};
			name = Release;
		};
/* End XCBuildConfiguration section */

/* Begin XCConfigurationList section */
		C0F23D012BCD1205000557D4 /* Build configuration list for PBXProject "MyPTPro" */ = {
			isa = XCConfigurationList;
			buildConfigurations = (
				C0F23D2E2BCD1208000557D4 /* Debug */,
				C0F23D2F2BCD1208000557D4 /* Release */,
			);
			defaultConfigurationIsVisible = 0;
			defaultConfigurationName = Release;
		};
		C0F23D302BCD1208000557D4 /* Build configuration list for PBXNativeTarget "MyPTPro" */ = {
			isa = XCConfigurationList;
			buildConfigurations = (
				C0F23D312BCD1208000557D4 /* Debug */,
				C0F23D322BCD1208000557D4 /* Release */,
			);
			defaultConfigurationIsVisible = 0;
			defaultConfigurationName = Release;
		};
		C0F23D332BCD1208000557D4 /* Build configuration list for PBXNativeTarget "MyPTProTests" */ = {
			isa = XCConfigurationList;
			buildConfigurations = (
				C0F23D342BCD1208000557D4 /* Debug */,
				C0F23D352BCD1208000557D4 /* Release */,
			);
			defaultConfigurationIsVisible = 0;
			defaultConfigurationName = Release;
		};
		C0F23D362BCD1208000557D4 /* Build configuration list for PBXNativeTarget "MyPTProUITests" */ = {
			isa = XCConfigurationList;
			buildConfigurations = (
				C0F23D372BCD1208000557D4 /* Debug */,
				C0F23D382BCD1208000557D4 /* Release */,
			);
			defaultConfigurationIsVisible = 0;
			defaultConfigurationName = Release;
		};
/* End XCConfigurationList section */
	};
	rootObject = C0F23CFE2BCD1205000557D4 /* Project object */;
}
